
Microsoft Visual Studio Solution File, Format Version 12.00
# Visual Studio Version 17
VisualStudioVersion = 17.4.33213.308
MinimumVisualStudioVersion = 10.0.40219.1
Project("{FAE04EC0-301F-11D3-BF4B-00C04F79EFBC}") = "Identity", "Identity.csproj", "{B79C7121-ACC8-441C-82DD-E38CE1770B57}"
EndProject
Global
	GlobalSection(SolutionConfigurationPlatforms) = preSolution
		Debug|Any CPU = Debug|Any CPU
		Release|Any CPU = Release|Any CPU
	EndGlobalSection
	GlobalSection(ProjectConfigurationPlatforms) = postSolution
		{B79C7121-ACC8-441C-82DD-E38CE1770B57}.Debug|Any CPU.ActiveCfg = Debug|Any CPU
		{B79C7121-ACC8-441C-82DD-E38CE1770B57}.Debug|Any CPU.Build.0 = Debug|Any CPU
		{B79C7121-ACC8-441C-82DD-E38CE1770B57}.Release|Any CPU.ActiveCfg = Release|Any CPU
		{B79C7121-ACC8-441C-82DD-E38CE1770B57}.Release|Any CPU.Build.0 = Release|Any CPU
	EndGlobalSection
	GlobalSection(SolutionProperties) = preSolution
		HideSolutionNode = FALSE
	EndGlobalSection
	GlobalSection(ExtensibilityGlobals) = postSolution
		SolutionGuid = {62D19FAD-0DE2-486A-BBB9-09C9701AD59A}
	EndGlobalSection
EndGlobal
